# @generated by Move, please check-in and do not edit manually.

[move]
version = 0
manifest_digest = "1A545397642BC2751450F697D4AABB25C13B0BD58D5F7FA3A3965505E23ADDFA"
deps_digest = "060AD7E57DFB13104F21BE5F5C3759D03F0553FC3229247D9A7A6B45F50D03A3"

dependencies = [
  { name = "MoveStdlib" },
  { name = "Sui" },
  { name = "flowxswap" },
]

[[move.package]]
name = "MoveStdlib"
source = { git = "https://github.com/MystenLabs/sui.git", rev = "framework/mainnet", subdir = "crates/sui-framework/packages/move-stdlib" }

[[move.package]]
name = "Sui"
source = { git = "https://github.com/MystenLabs/sui.git", rev = "framework/mainnet", subdir = "crates/sui-framework/packages/sui-framework" }

dependencies = [
  { name = "MoveStdlib" },
]

[[move.package]]
name = "flowxswap"
source = { local = "deps/Flowx" }

dependencies = [
  { name = "Sui" },
]

[move.toolchain-version]
compiler-version = "1.23.0"
edition = "legacy"
flavor = "sui"
